
Microsoft Visual Studio Solution File, Format Version 12.00
# Visual Studio Version 17
VisualStudioVersion = 17.13.35825.156 d17.13
MinimumVisualStudioVersion = 10.0.40219.1
Project("{FAE04EC0-301F-11D3-BF4B-00C04F79EFBC}") = "HelloWorld", "HelloWorld\HelloWorld.csproj", "{21C6214A-DBBB-46C2-B4AC-48B97B51A3CE}"
EndProject
Global
	GlobalSection(SolutionConfigurationPlatforms) = preSolution
		Debug|Any CPU = Debug|Any CPU
		Release|Any CPU = Release|Any CPU
	EndGlobalSection
	GlobalSection(ProjectConfigurationPlatforms) = postSolution
		{21C6214A-DBBB-46C2-B4AC-48B97B51A3CE}.Debug|Any CPU.ActiveCfg = Debug|Any CPU
		{21C6214A-DBBB-46C2-B4AC-48B97B51A3CE}.Debug|Any CPU.Build.0 = Debug|Any CPU
		{21C6214A-DBBB-46C2-B4AC-48B97B51A3CE}.Release|Any CPU.ActiveCfg = Release|Any CPU
		{21C6214A-DBBB-46C2-B4AC-48B97B51A3CE}.Release|Any CPU.Build.0 = Release|Any CPU
	EndGlobalSection
	GlobalSection(SolutionProperties) = preSolution
		HideSolutionNode = FALSE
	EndGlobalSection
	GlobalSection(ExtensibilityGlobals) = postSolution
		SolutionGuid = {2A2F7096-4790-4AE3-8370-6C2302A12773}
	EndGlobalSection
EndGlobal
